// !$*UTF8*$!
{
	archiveVersion = 1;
	classes = {
	};
	objectVersion = 50;
	objects = {

/* Begin PBXBuildFile section */
		E95D23602196544D007A6758 /* PipelineOptions.h in Headers */ = {isa = PBXBuildFile; fileRef = E95D233921965449007A6758 /* PipelineOptions.h */; };
		E95D23612196544D007A6758 /* VideoState.cpp in Sources */ = {isa = PBXBuildFile; fileRef = E95D233A21965449007A6758 /* VideoState.cpp */; };
		E95D23622196544D007A6758 /* FfmpegAvPlayback.h in Headers */ = {isa = PBXBuildFile; fileRef = E95D233B2196544A007A6758 /* FfmpegAvPlayback.h */; };
		E95D23632196544D007A6758 /* org_datavyu_plugins_ffmpeg_FfmpegJavaMediaPlayer.h in Headers */ = {isa = PBXBuildFile; fileRef = E95D233C2196544A007A6758 /* org_datavyu_plugins_ffmpeg_FfmpegJavaMediaPlayer.h */; };
		E95D23642196544D007A6758 /* MediaPlayerErrors.h in Headers */ = {isa = PBXBuildFile; fileRef = E95D233D2196544A007A6758 /* MediaPlayerErrors.h */; };
		E95D23652196544D007A6758 /* PipelineData.cpp in Sources */ = {isa = PBXBuildFile; fileRef = E95D233E2196544A007A6758 /* PipelineData.cpp */; };
		E95D23662196544D007A6758 /* JavaPlayerEventDispatcher.cpp in Sources */ = {isa = PBXBuildFile; fileRef = E95D233F2196544A007A6758 /* JavaPlayerEventDispatcher.cpp */; };
		E95D23672196544D007A6758 /* PipelineData.h in Headers */ = {isa = PBXBuildFile; fileRef = E95D23402196544A007A6758 /* PipelineData.h */; };
		E95D23682196544D007A6758 /* Clock.h in Headers */ = {isa = PBXBuildFile; fileRef = E95D23412196544A007A6758 /* Clock.h */; };
		E95D23692196544D007A6758 /* AudioVideoFormats.h in Headers */ = {isa = PBXBuildFile; fileRef = E95D23422196544A007A6758 /* AudioVideoFormats.h */; };
		E95D236A2196544D007A6758 /* Clock.cpp in Sources */ = {isa = PBXBuildFile; fileRef = E95D23432196544A007A6758 /* Clock.cpp */; };
		E95D236B2196544D007A6758 /* Media.h in Headers */ = {isa = PBXBuildFile; fileRef = E95D23442196544A007A6758 /* Media.h */; };
		E95D236C2196544D007A6758 /* PacketQueue.cpp in Sources */ = {isa = PBXBuildFile; fileRef = E95D23452196544A007A6758 /* PacketQueue.cpp */; };
		E95D236D2196544D007A6758 /* VideoState.h in Headers */ = {isa = PBXBuildFile; fileRef = E95D23462196544A007A6758 /* VideoState.h */; };
		E95D236E2196544D007A6758 /* Decoder.h in Headers */ = {isa = PBXBuildFile; fileRef = E95D23472196544A007A6758 /* Decoder.h */; };
		E95D236F2196544D007A6758 /* FfmpegJniUtils.cpp in Sources */ = {isa = PBXBuildFile; fileRef = E95D23482196544A007A6758 /* FfmpegJniUtils.cpp */; };
		E95D23702196544D007A6758 /* JniUtils.cpp in Sources */ = {isa = PBXBuildFile; fileRef = E95D23492196544A007A6758 /* JniUtils.cpp */; };
		E95D23712196544D007A6758 /* org_datavyu_plugins_ffmpeg_NativeMediaPlayer.h in Headers */ = {isa = PBXBuildFile; fileRef = E95D234A2196544B007A6758 /* org_datavyu_plugins_ffmpeg_NativeMediaPlayer.h */; };
		E95D23722196544D007A6758 /* FfmpegJniUtils.h in Headers */ = {isa = PBXBuildFile; fileRef = E95D234B2196544B007A6758 /* FfmpegJniUtils.h */; };
		E95D23732196544D007A6758 /* Pipeline.h in Headers */ = {isa = PBXBuildFile; fileRef = E95D234C2196544B007A6758 /* Pipeline.h */; };
		E95D23742196544D007A6758 /* FrameQueue.h in Headers */ = {isa = PBXBuildFile; fileRef = E95D234D2196544B007A6758 /* FrameQueue.h */; };
		E95D23752196544D007A6758 /* org_datavyu_plugins_ffmpeg_NativeMediaPlayer_MediaErrorEvent.h in Headers */ = {isa = PBXBuildFile; fileRef = E95D234E2196544B007A6758 /* org_datavyu_plugins_ffmpeg_NativeMediaPlayer_MediaErrorEvent.h */; };
		E95D23762196544D007A6758 /* FfmpegJavaAvPlaybackPipline.cpp in Sources */ = {isa = PBXBuildFile; fileRef = E95D234F2196544B007A6758 /* FfmpegJavaAvPlaybackPipline.cpp */; };
		E95D23772196544D007A6758 /* JniUtils.h in Headers */ = {isa = PBXBuildFile; fileRef = E95D23502196544B007A6758 /* JniUtils.h */; };
		E95D23782196544D007A6758 /* PacketQueue.h in Headers */ = {isa = PBXBuildFile; fileRef = E95D23512196544B007A6758 /* PacketQueue.h */; };
		E95D23792196544D007A6758 /* FfmpegJavaAVPipline.h in Headers */ = {isa = PBXBuildFile; fileRef = E95D23522196544B007A6758 /* FfmpegJavaAVPipline.h */; };
		E95D237A2196544D007A6758 /* FfmpegJavaAvPlayback.h in Headers */ = {isa = PBXBuildFile; fileRef = E95D23532196544B007A6758 /* FfmpegJavaAvPlayback.h */; };
		E95D237B2196544D007A6758 /* FfmpegJavaAvPlaybackPipline.h in Headers */ = {isa = PBXBuildFile; fileRef = E95D23542196544C007A6758 /* FfmpegJavaAvPlaybackPipline.h */; };
		E95D237C2196544D007A6758 /* Singleton.h in Headers */ = {isa = PBXBuildFile; fileRef = E95D23552196544C007A6758 /* Singleton.h */; };
		E95D237D2196544D007A6758 /* JavaPlayerEventDispatcher.h in Headers */ = {isa = PBXBuildFile; fileRef = E95D23562196544C007A6758 /* JavaPlayerEventDispatcher.h */; };
		E95D237E2196544D007A6758 /* AudioVideoFormats.cpp in Sources */ = {isa = PBXBuildFile; fileRef = E95D23572196544C007A6758 /* AudioVideoFormats.cpp */; };
		E95D237F2196544D007A6758 /* FfmpegJavaAvPlayback.cpp in Sources */ = {isa = PBXBuildFile; fileRef = E95D23582196544C007A6758 /* FfmpegJavaAvPlayback.cpp */; };
		E95D23802196544D007A6758 /* org_datavyu_plugins_ffmpeg_NativeMediaPlayer_EventQueueThread.h in Headers */ = {isa = PBXBuildFile; fileRef = E95D23592196544C007A6758 /* org_datavyu_plugins_ffmpeg_NativeMediaPlayer_EventQueueThread.h */; };
		E95D23812196544D007A6758 /* FfmpegAvPlayback.cpp in Sources */ = {isa = PBXBuildFile; fileRef = E95D235A2196544C007A6758 /* FfmpegAvPlayback.cpp */; };
		E95D23822196544D007A6758 /* Decoder.cpp in Sources */ = {isa = PBXBuildFile; fileRef = E95D235B2196544C007A6758 /* Decoder.cpp */; };
		E95D23832196544D007A6758 /* FfmpegErrorUtils.h in Headers */ = {isa = PBXBuildFile; fileRef = E95D235C2196544D007A6758 /* FfmpegErrorUtils.h */; };
		E95D23842196544D007A6758 /* FfmpegErrorUtils.cpp in Sources */ = {isa = PBXBuildFile; fileRef = E95D235D2196544D007A6758 /* FfmpegErrorUtils.cpp */; };
		E95D23852196544D007A6758 /* Pipeline.cpp in Sources */ = {isa = PBXBuildFile; fileRef = E95D235E2196544D007A6758 /* Pipeline.cpp */; };
		E95D23862196544D007A6758 /* FrameQueue.cpp in Sources */ = {isa = PBXBuildFile; fileRef = E95D235F2196544D007A6758 /* FrameQueue.cpp */; };
		E95D239021965488007A6758 /* libpostproc.55.dylib in Frameworks */ = {isa = PBXBuildFile; fileRef = E95D238821965488007A6758 /* libpostproc.55.dylib */; };
		E95D239121965488007A6758 /* libswresample.3.dylib in Frameworks */ = {isa = PBXBuildFile; fileRef = E95D238921965488007A6758 /* libswresample.3.dylib */; };
		E95D239221965488007A6758 /* libavutil.56.dylib in Frameworks */ = {isa = PBXBuildFile; fileRef = E95D238A21965488007A6758 /* libavutil.56.dylib */; };
		E95D239321965488007A6758 /* libavdevice.58.dylib in Frameworks */ = {isa = PBXBuildFile; fileRef = E95D238B21965488007A6758 /* libavdevice.58.dylib */; };
		E95D239421965488007A6758 /* libavfilter.7.dylib in Frameworks */ = {isa = PBXBuildFile; fileRef = E95D238C21965488007A6758 /* libavfilter.7.dylib */; };
		E95D239521965488007A6758 /* libavcodec.58.dylib in Frameworks */ = {isa = PBXBuildFile; fileRef = E95D238D21965488007A6758 /* libavcodec.58.dylib */; };
		E95D239621965488007A6758 /* libswscale.5.dylib in Frameworks */ = {isa = PBXBuildFile; fileRef = E95D238E21965488007A6758 /* libswscale.5.dylib */; };
		E95D239721965488007A6758 /* libavformat.58.dylib in Frameworks */ = {isa = PBXBuildFile; fileRef = E95D238F21965488007A6758 /* libavformat.58.dylib */; };
		E95D2399219656FB007A6758 /* FfmpegJavaMediaPlayer.cpp in Sources */ = {isa = PBXBuildFile; fileRef = E95D2398219656FA007A6758 /* FfmpegJavaMediaPlayer.cpp */; };
		E95D239B21965740007A6758 /* Media.cpp in Sources */ = {isa = PBXBuildFile; fileRef = E95D239A2196573F007A6758 /* Media.cpp */; };
/* End PBXBuildFile section */

/* Begin PBXFileReference section */
		E95564D521963D3800A2AD8D /* libFfmpegJavaMediaPlayer.dylib */ = {isa = PBXFileReference; explicitFileType = "compiled.mach-o.dylib"; includeInIndex = 0; path = libFfmpegJavaMediaPlayer.dylib; sourceTree = BUILT_PRODUCTS_DIR; };
		E95D233921965449007A6758 /* PipelineOptions.h */ = {isa = PBXFileReference; lastKnownFileType = sourcecode.c.h; path = PipelineOptions.h; sourceTree = "<group>"; };
		E95D233A21965449007A6758 /* VideoState.cpp */ = {isa = PBXFileReference; lastKnownFileType = sourcecode.cpp.cpp; path = VideoState.cpp; sourceTree = "<group>"; };
		E95D233B2196544A007A6758 /* FfmpegAvPlayback.h */ = {isa = PBXFileReference; lastKnownFileType = sourcecode.c.h; path = FfmpegAvPlayback.h; sourceTree = "<group>"; };
		E95D233C2196544A007A6758 /* org_datavyu_plugins_ffmpeg_FfmpegJavaMediaPlayer.h */ = {isa = PBXFileReference; lastKnownFileType = sourcecode.c.h; path = org_datavyu_plugins_ffmpeg_FfmpegJavaMediaPlayer.h; sourceTree = "<group>"; };
		E95D233D2196544A007A6758 /* MediaPlayerErrors.h */ = {isa = PBXFileReference; lastKnownFileType = sourcecode.c.h; path = MediaPlayerErrors.h; sourceTree = "<group>"; };
		E95D233E2196544A007A6758 /* PipelineData.cpp */ = {isa = PBXFileReference; lastKnownFileType = sourcecode.cpp.cpp; path = PipelineData.cpp; sourceTree = "<group>"; };
		E95D233F2196544A007A6758 /* JavaPlayerEventDispatcher.cpp */ = {isa = PBXFileReference; lastKnownFileType = sourcecode.cpp.cpp; path = JavaPlayerEventDispatcher.cpp; sourceTree = "<group>"; };
		E95D23402196544A007A6758 /* PipelineData.h */ = {isa = PBXFileReference; lastKnownFileType = sourcecode.c.h; path = PipelineData.h; sourceTree = "<group>"; };
		E95D23412196544A007A6758 /* Clock.h */ = {isa = PBXFileReference; lastKnownFileType = sourcecode.c.h; path = Clock.h; sourceTree = "<group>"; };
		E95D23422196544A007A6758 /* AudioVideoFormats.h */ = {isa = PBXFileReference; lastKnownFileType = sourcecode.c.h; path = AudioVideoFormats.h; sourceTree = "<group>"; };
		E95D23432196544A007A6758 /* Clock.cpp */ = {isa = PBXFileReference; lastKnownFileType = sourcecode.cpp.cpp; path = Clock.cpp; sourceTree = "<group>"; };
		E95D23442196544A007A6758 /* Media.h */ = {isa = PBXFileReference; lastKnownFileType = sourcecode.c.h; path = Media.h; sourceTree = "<group>"; };
		E95D23452196544A007A6758 /* PacketQueue.cpp */ = {isa = PBXFileReference; lastKnownFileType = sourcecode.cpp.cpp; path = PacketQueue.cpp; sourceTree = "<group>"; };
		E95D23462196544A007A6758 /* VideoState.h */ = {isa = PBXFileReference; lastKnownFileType = sourcecode.c.h; path = VideoState.h; sourceTree = "<group>"; };
		E95D23472196544A007A6758 /* Decoder.h */ = {isa = PBXFileReference; lastKnownFileType = sourcecode.c.h; path = Decoder.h; sourceTree = "<group>"; };
		E95D23482196544A007A6758 /* FfmpegJniUtils.cpp */ = {isa = PBXFileReference; lastKnownFileType = sourcecode.cpp.cpp; path = FfmpegJniUtils.cpp; sourceTree = "<group>"; };
		E95D23492196544A007A6758 /* JniUtils.cpp */ = {isa = PBXFileReference; lastKnownFileType = sourcecode.cpp.cpp; path = JniUtils.cpp; sourceTree = "<group>"; };
		E95D234A2196544B007A6758 /* org_datavyu_plugins_ffmpeg_NativeMediaPlayer.h */ = {isa = PBXFileReference; lastKnownFileType = sourcecode.c.h; path = org_datavyu_plugins_ffmpeg_NativeMediaPlayer.h; sourceTree = "<group>"; };
		E95D234B2196544B007A6758 /* FfmpegJniUtils.h */ = {isa = PBXFileReference; lastKnownFileType = sourcecode.c.h; path = FfmpegJniUtils.h; sourceTree = "<group>"; };
		E95D234C2196544B007A6758 /* Pipeline.h */ = {isa = PBXFileReference; lastKnownFileType = sourcecode.c.h; path = Pipeline.h; sourceTree = "<group>"; };
		E95D234D2196544B007A6758 /* FrameQueue.h */ = {isa = PBXFileReference; lastKnownFileType = sourcecode.c.h; path = FrameQueue.h; sourceTree = "<group>"; };
		E95D234E2196544B007A6758 /* org_datavyu_plugins_ffmpeg_NativeMediaPlayer_MediaErrorEvent.h */ = {isa = PBXFileReference; lastKnownFileType = sourcecode.c.h; path = org_datavyu_plugins_ffmpeg_NativeMediaPlayer_MediaErrorEvent.h; sourceTree = "<group>"; };
		E95D234F2196544B007A6758 /* FfmpegJavaAvPlaybackPipline.cpp */ = {isa = PBXFileReference; lastKnownFileType = sourcecode.cpp.cpp; path = FfmpegJavaAvPlaybackPipline.cpp; sourceTree = "<group>"; };
		E95D23502196544B007A6758 /* JniUtils.h */ = {isa = PBXFileReference; lastKnownFileType = sourcecode.c.h; path = JniUtils.h; sourceTree = "<group>"; };
		E95D23512196544B007A6758 /* PacketQueue.h */ = {isa = PBXFileReference; lastKnownFileType = sourcecode.c.h; path = PacketQueue.h; sourceTree = "<group>"; };
		E95D23522196544B007A6758 /* FfmpegJavaAVPipline.h */ = {isa = PBXFileReference; lastKnownFileType = sourcecode.c.h; path = FfmpegJavaAVPipline.h; sourceTree = "<group>"; };
		E95D23532196544B007A6758 /* FfmpegJavaAvPlayback.h */ = {isa = PBXFileReference; lastKnownFileType = sourcecode.c.h; path = FfmpegJavaAvPlayback.h; sourceTree = "<group>"; };
		E95D23542196544C007A6758 /* FfmpegJavaAvPlaybackPipline.h */ = {isa = PBXFileReference; lastKnownFileType = sourcecode.c.h; path = FfmpegJavaAvPlaybackPipline.h; sourceTree = "<group>"; };
		E95D23552196544C007A6758 /* Singleton.h */ = {isa = PBXFileReference; lastKnownFileType = sourcecode.c.h; path = Singleton.h; sourceTree = "<group>"; };
		E95D23562196544C007A6758 /* JavaPlayerEventDispatcher.h */ = {isa = PBXFileReference; lastKnownFileType = sourcecode.c.h; path = JavaPlayerEventDispatcher.h; sourceTree = "<group>"; };
		E95D23572196544C007A6758 /* AudioVideoFormats.cpp */ = {isa = PBXFileReference; lastKnownFileType = sourcecode.cpp.cpp; path = AudioVideoFormats.cpp; sourceTree = "<group>"; };
		E95D23582196544C007A6758 /* FfmpegJavaAvPlayback.cpp */ = {isa = PBXFileReference; lastKnownFileType = sourcecode.cpp.cpp; path = FfmpegJavaAvPlayback.cpp; sourceTree = "<group>"; };
		E95D23592196544C007A6758 /* org_datavyu_plugins_ffmpeg_NativeMediaPlayer_EventQueueThread.h */ = {isa = PBXFileReference; lastKnownFileType = sourcecode.c.h; path = org_datavyu_plugins_ffmpeg_NativeMediaPlayer_EventQueueThread.h; sourceTree = "<group>"; };
		E95D235A2196544C007A6758 /* FfmpegAvPlayback.cpp */ = {isa = PBXFileReference; lastKnownFileType = sourcecode.cpp.cpp; path = FfmpegAvPlayback.cpp; sourceTree = "<group>"; };
		E95D235B2196544C007A6758 /* Decoder.cpp */ = {isa = PBXFileReference; lastKnownFileType = sourcecode.cpp.cpp; path = Decoder.cpp; sourceTree = "<group>"; };
		E95D235C2196544D007A6758 /* FfmpegErrorUtils.h */ = {isa = PBXFileReference; lastKnownFileType = sourcecode.c.h; path = FfmpegErrorUtils.h; sourceTree = "<group>"; };
		E95D235D2196544D007A6758 /* FfmpegErrorUtils.cpp */ = {isa = PBXFileReference; lastKnownFileType = sourcecode.cpp.cpp; path = FfmpegErrorUtils.cpp; sourceTree = "<group>"; };
		E95D235E2196544D007A6758 /* Pipeline.cpp */ = {isa = PBXFileReference; lastKnownFileType = sourcecode.cpp.cpp; path = Pipeline.cpp; sourceTree = "<group>"; };
		E95D235F2196544D007A6758 /* FrameQueue.cpp */ = {isa = PBXFileReference; lastKnownFileType = sourcecode.cpp.cpp; path = FrameQueue.cpp; sourceTree = "<group>"; };
		E95D238821965488007A6758 /* libpostproc.55.dylib */ = {isa = PBXFileReference; lastKnownFileType = "compiled.mach-o.dylib"; name = libpostproc.55.dylib; path = "dependencies/ffmpeg-shared/bin/libpostproc.55.dylib"; sourceTree = "<group>"; };
		E95D238921965488007A6758 /* libswresample.3.dylib */ = {isa = PBXFileReference; lastKnownFileType = "compiled.mach-o.dylib"; name = libswresample.3.dylib; path = "dependencies/ffmpeg-shared/bin/libswresample.3.dylib"; sourceTree = "<group>"; };
		E95D238A21965488007A6758 /* libavutil.56.dylib */ = {isa = PBXFileReference; lastKnownFileType = "compiled.mach-o.dylib"; name = libavutil.56.dylib; path = "dependencies/ffmpeg-shared/bin/libavutil.56.dylib"; sourceTree = "<group>"; };
		E95D238B21965488007A6758 /* libavdevice.58.dylib */ = {isa = PBXFileReference; lastKnownFileType = "compiled.mach-o.dylib"; name = libavdevice.58.dylib; path = "dependencies/ffmpeg-shared/bin/libavdevice.58.dylib"; sourceTree = "<group>"; };
		E95D238C21965488007A6758 /* libavfilter.7.dylib */ = {isa = PBXFileReference; lastKnownFileType = "compiled.mach-o.dylib"; name = libavfilter.7.dylib; path = "dependencies/ffmpeg-shared/bin/libavfilter.7.dylib"; sourceTree = "<group>"; };
		E95D238D21965488007A6758 /* libavcodec.58.dylib */ = {isa = PBXFileReference; lastKnownFileType = "compiled.mach-o.dylib"; name = libavcodec.58.dylib; path = "dependencies/ffmpeg-shared/bin/libavcodec.58.dylib"; sourceTree = "<group>"; };
		E95D238E21965488007A6758 /* libswscale.5.dylib */ = {isa = PBXFileReference; lastKnownFileType = "compiled.mach-o.dylib"; name = libswscale.5.dylib; path = "dependencies/ffmpeg-shared/bin/libswscale.5.dylib"; sourceTree = "<group>"; };
		E95D238F21965488007A6758 /* libavformat.58.dylib */ = {isa = PBXFileReference; lastKnownFileType = "compiled.mach-o.dylib"; name = libavformat.58.dylib; path = "dependencies/ffmpeg-shared/bin/libavformat.58.dylib"; sourceTree = "<group>"; };
		E95D2398219656FA007A6758 /* FfmpegJavaMediaPlayer.cpp */ = {isa = PBXFileReference; lastKnownFileType = sourcecode.cpp.cpp; path = FfmpegJavaMediaPlayer.cpp; sourceTree = "<group>"; };
		E95D239A2196573F007A6758 /* Media.cpp */ = {isa = PBXFileReference; lastKnownFileType = sourcecode.cpp.cpp; path = Media.cpp; sourceTree = "<group>"; };
/* End PBXFileReference section */

/* Begin PBXFrameworksBuildPhase section */
		E95564D221963D3800A2AD8D /* Frameworks */ = {
			isa = PBXFrameworksBuildPhase;
			buildActionMask = 2147483647;
			files = (
				E95D239021965488007A6758 /* libpostproc.55.dylib in Frameworks */,
				E95D239121965488007A6758 /* libswresample.3.dylib in Frameworks */,
				E95D239221965488007A6758 /* libavutil.56.dylib in Frameworks */,
				E95D239321965488007A6758 /* libavdevice.58.dylib in Frameworks */,
				E95D239421965488007A6758 /* libavfilter.7.dylib in Frameworks */,
				E95D239521965488007A6758 /* libavcodec.58.dylib in Frameworks */,
				E95D239621965488007A6758 /* libswscale.5.dylib in Frameworks */,
				E95D239721965488007A6758 /* libavformat.58.dylib in Frameworks */,
			);
			runOnlyForDeploymentPostprocessing = 0;
		};
/* End PBXFrameworksBuildPhase section */

/* Begin PBXGroup section */
		E95564CC21963D3800A2AD8D = {
			isa = PBXGroup;
			children = (
				E95D239A2196573F007A6758 /* Media.cpp */,
				E95D2398219656FA007A6758 /* FfmpegJavaMediaPlayer.cpp */,
				E95D23572196544C007A6758 /* AudioVideoFormats.cpp */,
				E95D23422196544A007A6758 /* AudioVideoFormats.h */,
				E95D23432196544A007A6758 /* Clock.cpp */,
				E95D23412196544A007A6758 /* Clock.h */,
				E95D235B2196544C007A6758 /* Decoder.cpp */,
				E95D23472196544A007A6758 /* Decoder.h */,
				E95D235A2196544C007A6758 /* FfmpegAvPlayback.cpp */,
				E95D233B2196544A007A6758 /* FfmpegAvPlayback.h */,
				E95D235D2196544D007A6758 /* FfmpegErrorUtils.cpp */,
				E95D235C2196544D007A6758 /* FfmpegErrorUtils.h */,
				E95D23522196544B007A6758 /* FfmpegJavaAVPipline.h */,
				E95D23582196544C007A6758 /* FfmpegJavaAvPlayback.cpp */,
				E95D23532196544B007A6758 /* FfmpegJavaAvPlayback.h */,
				E95D234F2196544B007A6758 /* FfmpegJavaAvPlaybackPipline.cpp */,
				E95D23542196544C007A6758 /* FfmpegJavaAvPlaybackPipline.h */,
				E95D23482196544A007A6758 /* FfmpegJniUtils.cpp */,
				E95D234B2196544B007A6758 /* FfmpegJniUtils.h */,
				E95D235F2196544D007A6758 /* FrameQueue.cpp */,
				E95D234D2196544B007A6758 /* FrameQueue.h */,
				E95D233F2196544A007A6758 /* JavaPlayerEventDispatcher.cpp */,
				E95D23562196544C007A6758 /* JavaPlayerEventDispatcher.h */,
				E95D23492196544A007A6758 /* JniUtils.cpp */,
				E95D23502196544B007A6758 /* JniUtils.h */,
				E95D23442196544A007A6758 /* Media.h */,
				E95D233D2196544A007A6758 /* MediaPlayerErrors.h */,
				E95D233C2196544A007A6758 /* org_datavyu_plugins_ffmpeg_FfmpegJavaMediaPlayer.h */,
				E95D23592196544C007A6758 /* org_datavyu_plugins_ffmpeg_NativeMediaPlayer_EventQueueThread.h */,
				E95D234E2196544B007A6758 /* org_datavyu_plugins_ffmpeg_NativeMediaPlayer_MediaErrorEvent.h */,
				E95D234A2196544B007A6758 /* org_datavyu_plugins_ffmpeg_NativeMediaPlayer.h */,
				E95D23452196544A007A6758 /* PacketQueue.cpp */,
				E95D23512196544B007A6758 /* PacketQueue.h */,
				E95D235E2196544D007A6758 /* Pipeline.cpp */,
				E95D234C2196544B007A6758 /* Pipeline.h */,
				E95D233E2196544A007A6758 /* PipelineData.cpp */,
				E95D23402196544A007A6758 /* PipelineData.h */,
				E95D233921965449007A6758 /* PipelineOptions.h */,
				E95D23552196544C007A6758 /* Singleton.h */,
				E95D233A21965449007A6758 /* VideoState.cpp */,
				E95D23462196544A007A6758 /* VideoState.h */,
				E95564D621963D3800A2AD8D /* Products */,
				E95D238721965487007A6758 /* Frameworks */,
			);
			sourceTree = "<group>";
		};
		E95564D621963D3800A2AD8D /* Products */ = {
			isa = PBXGroup;
			children = (
				E95564D521963D3800A2AD8D /* libFfmpegJavaMediaPlayer.dylib */,
			);
			name = Products;
			sourceTree = "<group>";
		};
		E95D238721965487007A6758 /* Frameworks */ = {
			isa = PBXGroup;
			children = (
				E95D238D21965488007A6758 /* libavcodec.58.dylib */,
				E95D238B21965488007A6758 /* libavdevice.58.dylib */,
				E95D238C21965488007A6758 /* libavfilter.7.dylib */,
				E95D238F21965488007A6758 /* libavformat.58.dylib */,
				E95D238A21965488007A6758 /* libavutil.56.dylib */,
				E95D238821965488007A6758 /* libpostproc.55.dylib */,
				E95D238921965488007A6758 /* libswresample.3.dylib */,
				E95D238E21965488007A6758 /* libswscale.5.dylib */,
			);
			name = Frameworks;
			sourceTree = "<group>";
		};
/* End PBXGroup section */

/* Begin PBXHeadersBuildPhase section */
		E95564D321963D3800A2AD8D /* Headers */ = {
			isa = PBXHeadersBuildPhase;
			buildActionMask = 2147483647;
			files = (
				E95D23602196544D007A6758 /* PipelineOptions.h in Headers */,
				E95D23622196544D007A6758 /* FfmpegAvPlayback.h in Headers */,
				E95D23632196544D007A6758 /* org_datavyu_plugins_ffmpeg_FfmpegJavaMediaPlayer.h in Headers */,
				E95D23642196544D007A6758 /* MediaPlayerErrors.h in Headers */,
				E95D23672196544D007A6758 /* PipelineData.h in Headers */,
				E95D23682196544D007A6758 /* Clock.h in Headers */,
				E95D23692196544D007A6758 /* AudioVideoFormats.h in Headers */,
				E95D236B2196544D007A6758 /* Media.h in Headers */,
				E95D236D2196544D007A6758 /* VideoState.h in Headers */,
				E95D236E2196544D007A6758 /* Decoder.h in Headers */,
				E95D23712196544D007A6758 /* org_datavyu_plugins_ffmpeg_NativeMediaPlayer.h in Headers */,
				E95D23722196544D007A6758 /* FfmpegJniUtils.h in Headers */,
				E95D23732196544D007A6758 /* Pipeline.h in Headers */,
				E95D23742196544D007A6758 /* FrameQueue.h in Headers */,
				E95D23752196544D007A6758 /* org_datavyu_plugins_ffmpeg_NativeMediaPlayer_MediaErrorEvent.h in Headers */,
				E95D23772196544D007A6758 /* JniUtils.h in Headers */,
				E95D23782196544D007A6758 /* PacketQueue.h in Headers */,
				E95D23792196544D007A6758 /* FfmpegJavaAVPipline.h in Headers */,
				E95D237A2196544D007A6758 /* FfmpegJavaAvPlayback.h in Headers */,
				E95D237B2196544D007A6758 /* FfmpegJavaAvPlaybackPipline.h in Headers */,
				E95D237C2196544D007A6758 /* Singleton.h in Headers */,
				E95D237D2196544D007A6758 /* JavaPlayerEventDispatcher.h in Headers */,
				E95D23802196544D007A6758 /* org_datavyu_plugins_ffmpeg_NativeMediaPlayer_EventQueueThread.h in Headers */,
				E95D23832196544D007A6758 /* FfmpegErrorUtils.h in Headers */,
			);
			runOnlyForDeploymentPostprocessing = 0;
		};
/* End PBXHeadersBuildPhase section */

/* Begin PBXNativeTarget section */
		E95564D421963D3800A2AD8D /* FfmpegJavaMediaPlayer */ = {
			isa = PBXNativeTarget;
			buildConfigurationList = E95564D921963D3800A2AD8D /* Build configuration list for PBXNativeTarget "FfmpegJavaMediaPlayer" */;
			buildPhases = (
				E95564D121963D3800A2AD8D /* Sources */,
				E95564D221963D3800A2AD8D /* Frameworks */,
				E95564D321963D3800A2AD8D /* Headers */,
			);
			buildRules = (
			);
			dependencies = (
			);
			name = FfmpegJavaMediaPlayer;
			productName = FfmpegJavaMediaPlayer;
			productReference = E95564D521963D3800A2AD8D /* libFfmpegJavaMediaPlayer.dylib */;
			productType = "com.apple.product-type.library.dynamic";
		};
/* End PBXNativeTarget section */

/* Begin PBXProject section */
		E95564CD21963D3800A2AD8D /* Project object */ = {
			isa = PBXProject;
			attributes = {
				LastUpgradeCheck = 0940;
				ORGANIZATIONNAME = Databrary;
				TargetAttributes = {
					E95564D421963D3800A2AD8D = {
						CreatedOnToolsVersion = 9.4.1;
					};
				};
			};
			buildConfigurationList = E95564D021963D3800A2AD8D /* Build configuration list for PBXProject "FfmpegJavaMediaPlayer" */;
			compatibilityVersion = "Xcode 9.3";
			developmentRegion = en;
			hasScannedForEncodings = 0;
			knownRegions = (
				en,
			);
			mainGroup = E95564CC21963D3800A2AD8D;
			productRefGroup = E95564D621963D3800A2AD8D /* Products */;
			projectDirPath = "";
			projectRoot = "";
			targets = (
				E95564D421963D3800A2AD8D /* FfmpegJavaMediaPlayer */,
			);
		};
/* End PBXProject section */

/* Begin PBXSourcesBuildPhase section */
		E95564D121963D3800A2AD8D /* Sources */ = {
			isa = PBXSourcesBuildPhase;
			buildActionMask = 2147483647;
			files = (
				E95D239B21965740007A6758 /* Media.cpp in Sources */,
				E95D2399219656FB007A6758 /* FfmpegJavaMediaPlayer.cpp in Sources */,
				E95D23612196544D007A6758 /* VideoState.cpp in Sources */,
				E95D23652196544D007A6758 /* PipelineData.cpp in Sources */,
				E95D23662196544D007A6758 /* JavaPlayerEventDispatcher.cpp in Sources */,
				E95D236A2196544D007A6758 /* Clock.cpp in Sources */,
				E95D236C2196544D007A6758 /* PacketQueue.cpp in Sources */,
				E95D236F2196544D007A6758 /* FfmpegJniUtils.cpp in Sources */,
				E95D23702196544D007A6758 /* JniUtils.cpp in Sources */,
				E95D23762196544D007A6758 /* FfmpegJavaAvPlaybackPipline.cpp in Sources */,
				E95D237E2196544D007A6758 /* AudioVideoFormats.cpp in Sources */,
				E95D237F2196544D007A6758 /* FfmpegJavaAvPlayback.cpp in Sources */,
				E95D23812196544D007A6758 /* FfmpegAvPlayback.cpp in Sources */,
				E95D23822196544D007A6758 /* Decoder.cpp in Sources */,
				E95D23842196544D007A6758 /* FfmpegErrorUtils.cpp in Sources */,
				E95D23852196544D007A6758 /* Pipeline.cpp in Sources */,
				E95D23862196544D007A6758 /* FrameQueue.cpp in Sources */,
			);
			runOnlyForDeploymentPostprocessing = 0;
		};
/* End PBXSourcesBuildPhase section */

/* Begin XCBuildConfiguration section */
		E95564D721963D3800A2AD8D /* Debug */ = {
			isa = XCBuildConfiguration;
			buildSettings = {
				ALWAYS_SEARCH_USER_PATHS = NO;
				CLANG_ANALYZER_NONNULL = YES;
				CLANG_ANALYZER_NUMBER_OBJECT_CONVERSION = YES_AGGRESSIVE;
				CLANG_CXX_LANGUAGE_STANDARD = "gnu++14";
				CLANG_CXX_LIBRARY = "libc++";
				CLANG_ENABLE_MODULES = YES;
				CLANG_ENABLE_OBJC_ARC = YES;
				CLANG_ENABLE_OBJC_WEAK = YES;
				CLANG_WARN_BLOCK_CAPTURE_AUTORELEASING = YES;
				CLANG_WARN_BOOL_CONVERSION = YES;
				CLANG_WARN_COMMA = YES;
				CLANG_WARN_CONSTANT_CONVERSION = YES;
				CLANG_WARN_DEPRECATED_OBJC_IMPLEMENTATIONS = YES;
				CLANG_WARN_DIRECT_OBJC_ISA_USAGE = YES_ERROR;
				CLANG_WARN_DOCUMENTATION_COMMENTS = YES;
				CLANG_WARN_EMPTY_BODY = YES;
				CLANG_WARN_ENUM_CONVERSION = YES;
				CLANG_WARN_INFINITE_RECURSION = YES;
				CLANG_WARN_INT_CONVERSION = YES;
				CLANG_WARN_NON_LITERAL_NULL_CONVERSION = YES;
				CLANG_WARN_OBJC_IMPLICIT_RETAIN_SELF = YES;
				CLANG_WARN_OBJC_LITERAL_CONVERSION = YES;
				CLANG_WARN_OBJC_ROOT_CLASS = YES_ERROR;
				CLANG_WARN_RANGE_LOOP_ANALYSIS = YES;
				CLANG_WARN_STRICT_PROTOTYPES = YES;
				CLANG_WARN_SUSPICIOUS_MOVE = YES;
				CLANG_WARN_UNGUARDED_AVAILABILITY = YES_AGGRESSIVE;
				CLANG_WARN_UNREACHABLE_CODE = YES;
				CLANG_WARN__DUPLICATE_METHOD_MATCH = YES;
				CODE_SIGN_IDENTITY = "-";
				COPY_PHASE_STRIP = NO;
				DEBUG_INFORMATION_FORMAT = dwarf;
				ENABLE_STRICT_OBJC_MSGSEND = YES;
				ENABLE_TESTABILITY = YES;
				GCC_C_LANGUAGE_STANDARD = gnu11;
				GCC_DYNAMIC_NO_PIC = NO;
				GCC_NO_COMMON_BLOCKS = YES;
				GCC_OPTIMIZATION_LEVEL = 0;
				GCC_PREPROCESSOR_DEFINITIONS = (
					"DEBUG=1",
					"$(inherited)",
				);
				GCC_WARN_64_TO_32_BIT_CONVERSION = YES;
				GCC_WARN_ABOUT_RETURN_TYPE = YES_ERROR;
				GCC_WARN_UNDECLARED_SELECTOR = YES;
				GCC_WARN_UNINITIALIZED_AUTOS = YES_AGGRESSIVE;
				GCC_WARN_UNUSED_FUNCTION = YES;
				GCC_WARN_UNUSED_VARIABLE = YES;
				MACOSX_DEPLOYMENT_TARGET = 10.13;
				MTL_ENABLE_DEBUG_INFO = YES;
				ONLY_ACTIVE_ARCH = YES;
				SDKROOT = macosx;
			};
			name = Debug;
		};
		E95564D821963D3800A2AD8D /* Release */ = {
			isa = XCBuildConfiguration;
			buildSettings = {
				ALWAYS_SEARCH_USER_PATHS = NO;
				CLANG_ANALYZER_NONNULL = YES;
				CLANG_ANALYZER_NUMBER_OBJECT_CONVERSION = YES_AGGRESSIVE;
				CLANG_CXX_LANGUAGE_STANDARD = "gnu++14";
				CLANG_CXX_LIBRARY = "libc++";
				CLANG_ENABLE_MODULES = YES;
				CLANG_ENABLE_OBJC_ARC = YES;
				CLANG_ENABLE_OBJC_WEAK = YES;
				CLANG_WARN_BLOCK_CAPTURE_AUTORELEASING = YES;
				CLANG_WARN_BOOL_CONVERSION = YES;
				CLANG_WARN_COMMA = YES;
				CLANG_WARN_CONSTANT_CONVERSION = YES;
				CLANG_WARN_DEPRECATED_OBJC_IMPLEMENTATIONS = YES;
				CLANG_WARN_DIRECT_OBJC_ISA_USAGE = YES_ERROR;
				CLANG_WARN_DOCUMENTATION_COMMENTS = YES;
				CLANG_WARN_EMPTY_BODY = YES;
				CLANG_WARN_ENUM_CONVERSION = YES;
				CLANG_WARN_INFINITE_RECURSION = YES;
				CLANG_WARN_INT_CONVERSION = YES;
				CLANG_WARN_NON_LITERAL_NULL_CONVERSION = YES;
				CLANG_WARN_OBJC_IMPLICIT_RETAIN_SELF = YES;
				CLANG_WARN_OBJC_LITERAL_CONVERSION = YES;
				CLANG_WARN_OBJC_ROOT_CLASS = YES_ERROR;
				CLANG_WARN_RANGE_LOOP_ANALYSIS = YES;
				CLANG_WARN_STRICT_PROTOTYPES = YES;
				CLANG_WARN_SUSPICIOUS_MOVE = YES;
				CLANG_WARN_UNGUARDED_AVAILABILITY = YES_AGGRESSIVE;
				CLANG_WARN_UNREACHABLE_CODE = YES;
				CLANG_WARN__DUPLICATE_METHOD_MATCH = YES;
				CODE_SIGN_IDENTITY = "-";
				COPY_PHASE_STRIP = NO;
				DEBUG_INFORMATION_FORMAT = "dwarf-with-dsym";
				ENABLE_NS_ASSERTIONS = NO;
				ENABLE_STRICT_OBJC_MSGSEND = YES;
				GCC_C_LANGUAGE_STANDARD = gnu11;
				GCC_NO_COMMON_BLOCKS = YES;
				GCC_WARN_64_TO_32_BIT_CONVERSION = YES;
				GCC_WARN_ABOUT_RETURN_TYPE = YES_ERROR;
				GCC_WARN_UNDECLARED_SELECTOR = YES;
				GCC_WARN_UNINITIALIZED_AUTOS = YES_AGGRESSIVE;
				GCC_WARN_UNUSED_FUNCTION = YES;
				GCC_WARN_UNUSED_VARIABLE = YES;
				MACOSX_DEPLOYMENT_TARGET = 10.13;
				MTL_ENABLE_DEBUG_INFO = NO;
				SDKROOT = macosx;
			};
			name = Release;
		};
		E95564DA21963D3800A2AD8D /* Debug */ = {
			isa = XCBuildConfiguration;
			buildSettings = {
				CODE_SIGN_STYLE = Automatic;
				DYLIB_COMPATIBILITY_VERSION = 1;
				DYLIB_CURRENT_VERSION = 1;
				EXECUTABLE_PREFIX = lib;
				FRAMEWORK_SEARCH_PATHS = "$(PROJECT_DIR)/dependencies";
				HEADER_SEARCH_PATHS = (
					"/Library/Java/JavaVirtualMachines/jdk1.8.0_191.jdk/Contents/Home/include/**",
					"${PROJECT_DIR}/dependencies/ffmpeg-dev/include",
					"${PROJECT_DIR}/dependencies/mpv/include",
					"${PROJECT_DIR}/dependencies/googletest/googletest/include",
				);
				LIBRARY_SEARCH_PATHS = (
					"$(inherited)",
					"$(PROJECT_DIR)/dependencies/ffmpeg-shared/bin",
				);
				PRODUCT_NAME = "$(TARGET_NAME)";
				SKIP_INSTALL = YES;
			};
			name = Debug;
		};
		E95564DB21963D3800A2AD8D /* Release */ = {
			isa = XCBuildConfiguration;
			buildSettings = {
				CODE_SIGN_STYLE = Automatic;
				DYLIB_COMPATIBILITY_VERSION = 1;
				DYLIB_CURRENT_VERSION = 1;
				EXECUTABLE_PREFIX = lib;
				FRAMEWORK_SEARCH_PATHS = "$(PROJECT_DIR)/dependencies";
				HEADER_SEARCH_PATHS = (
					"/Library/Java/JavaVirtualMachines/jdk1.8.0_191.jdk/Contents/Home/include/**",
					"${PROJECT_DIR}/dependencies/ffmpeg-dev/include",
					"${PROJECT_DIR}/dependencies/mpv/include",
					"${PROJECT_DIR}/dependencies/googletest/googletest/include",
				);
				LIBRARY_SEARCH_PATHS = (
					"$(inherited)",
					"$(PROJECT_DIR)/dependencies/ffmpeg-shared/bin",
				);
				PRODUCT_NAME = "$(TARGET_NAME)";
				SKIP_INSTALL = YES;
			};
			name = Release;
		};
/* End XCBuildConfiguration section */

/* Begin XCConfigurationList section */
		E95564D021963D3800A2AD8D /* Build configuration list for PBXProject "FfmpegJavaMediaPlayer" */ = {
			isa = XCConfigurationList;
			buildConfigurations = (
				E95564D721963D3800A2AD8D /* Debug */,
				E95564D821963D3800A2AD8D /* Release */,
			);
			defaultConfigurationIsVisible = 0;
			defaultConfigurationName = Release;
		};
		E95564D921963D3800A2AD8D /* Build configuration list for PBXNativeTarget "FfmpegJavaMediaPlayer" */ = {
			isa = XCConfigurationList;
			buildConfigurations = (
				E95564DA21963D3800A2AD8D /* Debug */,
				E95564DB21963D3800A2AD8D /* Release */,
			);
			defaultConfigurationIsVisible = 0;
			defaultConfigurationName = Release;
		};
/* End XCConfigurationList section */
	};
	rootObject = E95564CD21963D3800A2AD8D /* Project object */;
}
