
Microsoft Visual Studio Solution File, Format Version 12.00
# Visual Studio 15
VisualStudioVersion = 15.0.27703.2035
MinimumVisualStudioVersion = 10.0.40219.1
Project("{8BC9CEB8-8B4A-11D0-8D11-00A0C91BC942}") = "FFplay", "FFplay\FFplay.vcxproj", "{6EA34670-B97C-440E-860D-3B5AF0BE87D8}"
EndProject
Global
	GlobalSection(SolutionConfigurationPlatforms) = preSolution
		Debug|x64 = Debug|x64
		Debug|x86 = Debug|x86
		Release|x64 = Release|x64
		Release|x86 = Release|x86
	EndGlobalSection
	GlobalSection(ProjectConfigurationPlatforms) = postSolution
		{6EA34670-B97C-440E-860D-3B5AF0BE87D8}.Debug|x64.ActiveCfg = Debug|x64
		{6EA34670-B97C-440E-860D-3B5AF0BE87D8}.Debug|x64.Build.0 = Debug|x64
		{6EA34670-B97C-440E-860D-3B5AF0BE87D8}.Debug|x86.ActiveCfg = Debug|Win32
		{6EA34670-B97C-440E-860D-3B5AF0BE87D8}.Debug|x86.Build.0 = Debug|Win32
		{6EA34670-B97C-440E-860D-3B5AF0BE87D8}.Release|x64.ActiveCfg = Release|x64
		{6EA34670-B97C-440E-860D-3B5AF0BE87D8}.Release|x64.Build.0 = Release|x64
		{6EA34670-B97C-440E-860D-3B5AF0BE87D8}.Release|x86.ActiveCfg = Release|Win32
		{6EA34670-B97C-440E-860D-3B5AF0BE87D8}.Release|x86.Build.0 = Release|Win32
	EndGlobalSection
	GlobalSection(SolutionProperties) = preSolution
		HideSolutionNode = FALSE
	EndGlobalSection
	GlobalSection(ExtensibilityGlobals) = postSolution
		SolutionGuid = {1BF64BEC-4930-4D7F-AB53-CCE367A456AC}
	EndGlobalSection
EndGlobal
